
Microsoft Visual Studio Solution File, Format Version 12.00
# Visual Studio 15
VisualStudioVersion = 15.0.28010.2050
MinimumVisualStudioVersion = 10.0.40219.1
Project("{FAE04EC0-301F-11D3-BF4B-00C04F79EFBC}") = "EmployeeTrainingProject", "EmployeeTrainingProject\EmployeeTrainingProject.csproj", "{3E844A11-567F-4C66-B896-D6E3AAA7D47E}"
EndProject
Global
	GlobalSection(SolutionConfigurationPlatforms) = preSolution
		Debug|Any CPU = Debug|Any CPU
		Release|Any CPU = Release|Any CPU
	EndGlobalSection
	GlobalSection(ProjectConfigurationPlatforms) = postSolution
		{3E844A11-567F-4C66-B896-D6E3AAA7D47E}.Debug|Any CPU.ActiveCfg = Debug|Any CPU
		{3E844A11-567F-4C66-B896-D6E3AAA7D47E}.Debug|Any CPU.Build.0 = Debug|Any CPU
		{3E844A11-567F-4C66-B896-D6E3AAA7D47E}.Release|Any CPU.ActiveCfg = Release|Any CPU
		{3E844A11-567F-4C66-B896-D6E3AAA7D47E}.Release|Any CPU.Build.0 = Release|Any CPU
	EndGlobalSection
	GlobalSection(SolutionProperties) = preSolution
		HideSolutionNode = FALSE
	EndGlobalSection
	GlobalSection(ExtensibilityGlobals) = postSolution
		SolutionGuid = {69FAFE00-FCC1-4CF5-ABA6-10FDCCFEBC1D}
	EndGlobalSection
EndGlobal
